hash: 76aabaabbba85ccb0a942de80badf5ab567a2094dd3723b99ec324a15993d555
updated: 2016-10-21T17:09:00.894212947+02:00
imports:
- name: github.com/go-macaron/binding
  version: 9440f336b443056c90d7d448a0a55ad8c7599880
- name: github.com/go-macaron/inject
  version: d8a0b8677191f4380287cfebd08e462217bac7ad
- name: github.com/mxk/go-imap
  version: 531c36c3f12d6a03ea766b07a77314aa51ec17f3
  subpackages:
  - imap
- name: github.com/Unknwon/com
  version: 28b053d5a2923b87ce8c5a08f3af779894a72758
- name: golang.org/x/crypto
  version: 6318898455d3ac20e7e44d0a080d43f8c3ff120b
  subpackages:
  - cast5
  - openpgp
  - openpgp/armor
  - openpgp/elgamal
  - openpgp/errors
  - openpgp/packet
  - openpgp/s2k
- name: golang.org/x/text
  version: 1e65e9bf72c307081cea196f47ef37aed17eb316
  subpackages:
  - encoding
  - encoding/charmap
  - encoding/internal
  - encoding/internal/identifier
  - transform
- name: gopkg.in/ini.v1
  version: 6e4869b434bd001f6983749881c7ead3545887d8
- name: gopkg.in/macaron.v1
  version: 4974334b10dbb6f5c0e17f4c10555ff050a16329
testImports: []
