# This file is autogenerated, do not edit; changes may be undone by the next 'dep ensure'.


[[projects]]
  name = "github.com/Unknwon/com"
  packages = ["."]
  revision = "28b053d5a2923b87ce8c5a08f3af779894a72758"
  version = "v1"

[[projects]]
  branch = "v1"
  name = "github.com/emersion/go-imap"
  packages = [
    ".",
    "backend",
    "client",
    "commands",
    "responses",
    "server",
    "utf7"
  ]
  revision = "e6e3e8c6d22ddd032a1d026a6c5f9526e8557544"

[[projects]]
  branch = "master"
  name = "github.com/emersion/go-imap-idle"
  packages = ["."]
  revision = "7c994fadce6f5646a8bf05d7590c1a8ff83db1b8"

[[projects]]
  branch = "master"
  name = "github.com/emersion/go-imap-quota"
  packages = ["."]
  revision = "e883a2bc54d60b42c6473b719abe0186d60bd5f9"

[[projects]]
  branch = "master"
  name = "github.com/emersion/go-sasl"
  packages = ["."]
  revision = "7e096a0a6197b89989e8cc31016daa67c8c62051"

[[projects]]
  branch = "master"
  name = "github.com/go-macaron/binding"
  packages = ["."]
  revision = "ac54ee249c27dca7e76fad851a4a04b73bd1b183"

[[projects]]
  branch = "master"
  name = "github.com/go-macaron/inject"
  packages = ["."]
  revision = "d8a0b8677191f4380287cfebd08e462217bac7ad"

[[projects]]
  branch = "master"
  name = "golang.org/x/crypto"
  packages = [
    "cast5",
    "openpgp",
    "openpgp/armor",
    "openpgp/elgamal",
    "openpgp/errors",
    "openpgp/packet",
    "openpgp/s2k",
    "pbkdf2"
  ]
  revision = "0fcca4842a8d74bfddc2c96a073bd2a4d2a7a2e8"

[[projects]]
  branch = "master"
  name = "golang.org/x/text"
  packages = [
    "encoding",
    "encoding/charmap",
    "encoding/internal",
    "encoding/internal/identifier",
    "internal/gen",
    "transform",
    "unicode/cldr"
  ]
  revision = "e19ae1496984b1c655b8044a65c0300a3c878dd3"

[[projects]]
  name = "gopkg.in/ini.v1"
  packages = ["."]
  revision = "32e4c1e6bc4e7d0d8451aa6b75200d19e37a536a"
  version = "v1.32.0"

[[projects]]
  name = "gopkg.in/macaron.v1"
  packages = ["."]
  revision = "75f2e9b42e99652f0d82b28ccb73648f44615faa"
  version = "v1.2.4"

[solve-meta]
  analyzer-name = "dep"
  analyzer-version = 1
  inputs-digest = "13145590151f7301abb0788d5c21748d6013f402b4f8b91e193ed75ba997f6a7"
  solver-name = "gps-cdcl"
  solver-version = 1
